{
  "lockfileVersion": 2,
  "configVersion": 1,
  "workspaces": {
    "": {
      "name": "copyous",
      "devDependencies": {
        "@biomejs/biome": "2.5.14",
        "@girs/gda-5.0": "4.9.0",
        "@girs/gda-6.0": "4.9.0",
        "@girs/gjs": "4.9.0",
        "@girs/gnome-shell": "50.0.4",
        "@girs/gsound-1.0": "4.9.0",
        "@girs/gst-1.0": "4.9.0",
        "@girs/soup-3.0": "4.9.0",
        "@tsconfig/strictest": "2.0.8",
        "@types/node": "26.6.2",
        "highlight.js": "11.12.0",
        "postcss": "8.5.28",
        "postcss-cli": "12.0.0",
        "postcss-import": "17.0.0",
        "postcss-scss": "4.0.9",
        "sass": "1.104.1",
        "source-map": "^0.8.0",
        "tsx": "4.23.13",
        "typescript": "7.0.2",
      },
    },
  },
  "packages": {
    "@biomejs/biome": ["@biomejs/biome@2.5.14", "", { "optionalDependencies": { "@biomejs/cli-darwin-arm64": "2.5.14", "@biomejs/cli-darwin-x64": "2.5.14", "@biomejs/cli-linux-arm64": "2.5.14", "@biomejs/cli-linux-arm64-musl": "2.5.14", "@biomejs/cli-linux-x64": "2.5.14", "@biomejs/cli-linux-x64-musl": "2.5.14", "@biomejs/cli-win32-arm64": "2.5.14", "@biomejs/cli-win32-x64": "2.5.14" }, "bin": { "biome": "bin/biome" } }, "sha512-0FabLIjd4M/dm8VFI86RMaLLdgepzbdfiAL2R8cr7V81OYYrP1w7Z73KfAwPK5h9SrEBXTzNG2y+mBwPo9xRnw=="],

    "@biomejs/cli-darwin-arm64": ["@biomejs/cli-darwin-arm64@2.5.14", "", { "os": "darwin", "cpu": "arm64" }, "sha512-UnzaXO65L4tsZimFITFP2M121GyhDcWFrT3pL5ZJ5U4XcS/0L5VHYytVohdCf/gnDUFHgl2I9xnt5bV/J1kxHQ=="],

    "@biomejs/cli-darwin-x64": ["@biomejs/cli-darwin-x64@2.5.14", "", { "os": "darwin", "cpu": "x64" }, "sha512-kiy8qA16K93J7uvFfWi4LgjqDpnRKyePAna6A0Y4jxyUga35SYpIZ2cNWlhy0lsfgqRenCpfymnJWEZ6mgpRgA=="],

    "@biomejs/cli-linux-arm64": ["@biomejs/cli-linux-arm64@2.5.14", "", { "os": "linux", "cpu": "arm64" }, "sha512-vO/9BaU1n30CiFNLx49gMTMtbCAAqlo/EqFoG0BU3deQInTbJrmXSmTQ9e3FoDZIKQnvSLDVNL4lx1ci7y1T1Q=="],

    "@biomejs/cli-linux-arm64-musl": ["@biomejs/cli-linux-arm64-musl@2.5.14", "", { "os": "linux", "cpu": "arm64" }, "sha512-SJ9PrZkBnnH9dHJDnxk34vKs0GB2dbsioaft6/hPhWJ7AHpwYH83Isnhj0FSRpFkGgpVfJ1lds23ApB2czUDLQ=="],

    "@biomejs/cli-linux-x64": ["@biomejs/cli-linux-x64@2.5.14", "", { "os": "linux", "cpu": "x64" }, "sha512-VHZRa7CCQBUWKxNwUvHJeuW03WFRgN5NWO//SDGOitc9QIeNyfA42V9zlKm+x82xFSG9Bzi5fi+hbhm9anO8yA=="],

    "@biomejs/cli-linux-x64-musl": ["@biomejs/cli-linux-x64-musl@2.5.14", "", { "os": "linux", "cpu": "x64" }, "sha512-2kI5PrMgW5dcEZYrstLPmUmCwkUwZY39rP4BN93Vxbwcs2O57LDQOktUZZYPvvspN5i0mhGr3TJtF5sU26NUWg=="],

    "@biomejs/cli-win32-arm64": ["@biomejs/cli-win32-arm64@2.5.14", "", { "os": "win32", "cpu": "arm64" }, "sha512-pHgAFffmZtaYoxavEsWEYNvcA7NwOIjLyqw2HXyLbt16xYryX0L4fMV2u0G9ag6LNYPIoqWaWqzUcnc6rLGGXg=="],

    "@biomejs/cli-win32-x64": ["@biomejs/cli-win32-x64@2.5.14", "", { "os": "win32", "cpu": "x64" }, "sha512-oJWmBhoHsnhUKIke+0gXDX0mltJrWHA1UyHsrTlXwX0TL64ilVZAo+TYZm97baecV0esBdpzy3k96q+09JaZUQ=="],

    "@esbuild/aix-ppc64": ["@esbuild/aix-ppc64@0.28.2", "", { "os": "aix", "cpu": "ppc64" }, "sha512-XExcO+dvLKvVtNTibSTBej1NCAbaGhWn9Ww1ZPx80qsahhPFe/8jgWP0IchNe0F3HwkU7n8ejhH8bjonqht8mQ=="],

    "@esbuild/android-arm": ["@esbuild/android-arm@0.28.2", "", { "os": "android", "cpu": "arm" }, "sha512-kXXoiPVVGQcnIYGOeaovwOURpniDBpSq4A03qkQ+BMQqtGG6HYap3xne9C1O1yo4TR3qxlCX5IqqmX6fFo2Lqg=="],

    "@esbuild/android-arm64": ["@esbuild/android-arm64@0.28.2", "", { "os": "android", "cpu": "arm64" }, "sha512-5YfKeeI8qWfBZIX+u2xZC3Zlb3Os/gLS2sbEKM+I4ZOcsWmHS2WLysCcQZDAFRslDUU5Oiq44gf6PYN1vGwG5A=="],

    "@esbuild/android-x64": ["@esbuild/android-x64@0.28.2", "", { "os": "android", "cpu": "x64" }, "sha512-O387ite7SzUyCcy3JQX4P4bLtEA7bLLkx+esve5JHnyYfNTxcVpXZo9jhdB0lTKN44gztELTdU7nS8Nr16Fs1Q=="],

    "@esbuild/darwin-arm64": ["@esbuild/darwin-arm64@0.28.2", "", { "os": "darwin", "cpu": "arm64" }, "sha512-n4KqkOQrraxHJcgjM1RvwbigfQKIKJVpM7xp+KsxiyUSrRdIXnt73VhrPAx0fV44hgfmIVKjxMN9J1t5jySVkw=="],

    "@esbuild/darwin-x64": ["@esbuild/darwin-x64@0.28.2", "", { "os": "darwin", "cpu": "x64" }, "sha512-uq6suIWYP37qzGddBKPw5QEQPi6HiLGsO7UmkpfyaYNQ3D+rN6w6WfwH+nuqcGXWvawGwxOEroO4YGnFh95azw=="],

    "@esbuild/freebsd-arm64": ["@esbuild/freebsd-arm64@0.28.2", "", { "os": "freebsd", "cpu": "arm64" }, "sha512-n+I0BTSRIoy+d6RPKnEVwql5UwBJolytvY4mAOIEJorKlqgPII8ix6slVVrfZ5Tnj7glIZvloylbB/EJPMWEXw=="],

    "@esbuild/freebsd-x64": ["@esbuild/freebsd-x64@0.28.2", "", { "os": "freebsd", "cpu": "x64" }, "sha512-78XJTJkvPs0kz2w61301PJjXl4g7q3JqiYMZ/M/yVI73EHBrCRTgkhu9oqG7vPqq+a/yadEW8aD+agKlk5xrmg=="],

    "@esbuild/linux-arm": ["@esbuild/linux-arm@0.28.2", "", { "os": "linux", "cpu": "arm" }, "sha512-XlDnu2q5yoqems+xay6wSAcg9DDD7K9RLKZEBOMZm3ckNpJBvOX20tSfby8KfrrhINDyv9V2YVZKY/SpoGJI8w=="],

    "@esbuild/linux-arm64": ["@esbuild/linux-arm64@0.28.2", "", { "os": "linux", "cpu": "arm64" }, "sha512-pW4AC0P3it8c7do9MVM4p51FzHzdM/TZrerurgRcHJ2WTa1VQ1CIq18xncfpBJw4ojkiZZrKW2yIBWBP92j6Ug=="],

    "@esbuild/linux-ia32": ["@esbuild/linux-ia32@0.28.2", "", { "os": "linux", "cpu": "ia32" }, "sha512-CYbnj78HsIeA+DhgUKgFCfvNsTHFhMMrinUrMZpDXJXKN8T3XViTZ/+wtHeVxEWY8ewSzTFN+nRmSwO2tZaLUQ=="],

    "@esbuild/linux-loong64": ["@esbuild/linux-loong64@0.28.2", "", { "os": "linux", "cpu": "none" }, "sha512-buwkd8nsph4R+ajRvw0qM5Hja/TXQow3ptzWO2EbG/cqcIkHloRrdlBtQlshyYGTNFvfkfJ5tpPLVkY4DtsPfQ=="],

    "@esbuild/linux-mips64el": ["@esbuild/linux-mips64el@0.28.2", "", { "os": "linux", "cpu": "none" }, "sha512-ZVykbDyk7519VwiNb9Lcj9m8XM6v5V9uKPvrEMkkEedVewf+0itkhahp4HDpgERXhwLRpWFypsGbG/J8s0QjJA=="],

    "@esbuild/linux-ppc64": ["@esbuild/linux-ppc64@0.28.2", "", { "os": "linux", "cpu": "ppc64" }, "sha512-CAXl+Dtd9UUuJd8pKKdwh6MLm3MUMiqMPmhZ3tTSXPqfyQ3vDl6R5hZdZ/kYojK4ofXtdfSv1tFq8XzWx3heNQ=="],

    "@esbuild/linux-riscv64": ["@esbuild/linux-riscv64@0.28.2", "", { "os": "linux", "cpu": "none" }, "sha512-GeXCej4IQtU1B+QlDV8W/RRvbzI3O/Stss+/bCXv4lZls5WGRtu2a+3JkA3i4qIUlMXpcHebWpF8AkJhATowuA=="],

    "@esbuild/linux-s390x": ["@esbuild/linux-s390x@0.28.2", "", { "os": "linux", "cpu": "s390x" }, "sha512-3H1weTYZPxt/WOhByszQZybS9w5lKzUn1FDMsgEChbHWQwHYQQRfBxgCcZvPhjHfKyJjIievvMmEUawJrdY9Dg=="],

    "@esbuild/linux-x64": ["@esbuild/linux-x64@0.28.2", "", { "os": "linux", "cpu": "x64" }, "sha512-4xTZr1FUmSoQW4XIWmit3tzQrUTZM+N3P0XV8xROKYF50XfI7xeO90+1bZvNwxIufQ9hDQVRJH5YhgPVF8A/HQ=="],

    "@esbuild/netbsd-arm64": ["@esbuild/netbsd-arm64@0.28.2", "", { "os": "none", "cpu": "arm64" }, "sha512-sSATRjPeDBg3pdgHoQfoYBob11Kk1FGa9lui5RIHZCoCkJa9QKlvl3/vKz2usCmYYjs7ymJR/2Nnsqe+Hjt5nw=="],

    "@esbuild/netbsd-x64": ["@esbuild/netbsd-x64@0.28.2", "", { "os": "none", "cpu": "x64" }, "sha512-lqnzCV+mM0gIADaKihiCg6ifgfU2L3h5E33rNQBN1Y4MaVGnzryzmvvf7UHxprpQdE8hpqLolJ9Rl+SkIRDpyw=="],

    "@esbuild/openbsd-arm64": ["@esbuild/openbsd-arm64@0.28.2", "", { "os": "openbsd", "cpu": "arm64" }, "sha512-AL2qJILH7lNjrDmCQDvdxMfAUIv8KMNZOvrwAQ8i8//ntL9FflhOyMJ8OZSMBb8/AWXe3/5v5S20y3zCoZWKoQ=="],

    "@esbuild/openbsd-x64": ["@esbuild/openbsd-x64@0.28.2", "", { "os": "openbsd", "cpu": "x64" }, "sha512-QtiuPytchRyC4rwUKhexJdQKvDuZ6hWloi3igqPQNUJCS1/v9EiO3UTOXR6A3FoMo4fnAKbWJdqaIwhOzh8qEw=="],

    "@esbuild/openharmony-arm64": ["@esbuild/openharmony-arm64@0.28.2", "", { "os": "none", "cpu": "arm64" }, "sha512-WkhYDmpTjLvGlScA1rwjRUmhl4k8oXR3cIbtqWmELgU/dFeHHlEllxDvdWcNJV9rbzCexB5vz8gtNewWLgCT7Q=="],

    "@esbuild/sunos-x64": ["@esbuild/sunos-x64@0.28.2", "", { "os": "sunos", "cpu": "x64" }, "sha512-GPMSkTOtMnv2U2F8gxe4Io6qmVs+YKyp832Etqqxr0hFngmXQ3rzwytelm3GIn7T4VviRUlf3sOgBOiTdvaf7g=="],

    "@esbuild/win32-arm64": ["@esbuild/win32-arm64@0.28.2", "", { "os": "win32", "cpu": "arm64" }, "sha512-PIhhEkE9uPBleRBrQEJpUn7MBnibZzbGzYWPmY3x+YoVg/95zbjB4CxPPOQ8l5tYYM4mMaCthF8/1DIfBQQyWQ=="],

    "@esbuild/win32-ia32": ["@esbuild/win32-ia32@0.28.2", "", { "os": "win32", "cpu": "ia32" }, "sha512-YmJbfTlvU7Sdn9BB+4PRES4oB6pxgS37MAONj+hBr/cpXS1aBPKXxNnDbu+QCWPj0o9dgyxeq79g6c5P8KeuYA=="],

    "@esbuild/win32-x64": ["@esbuild/win32-x64@0.28.2", "", { "os": "win32", "cpu": "x64" }, "sha512-5ebpxr3nWMzrL/rnUI755Jkuee0bHL/Gq0WTF9lvcpv73wAp5eu8MfBUgWK9bhWvZjj7yX8etf/8tI8Ney695g=="],

    "@girs/accountsservice-1.0": ["@girs/accountsservice-1.0@4.9.0", "", { "dependencies": { "@girs/gio-2.0": "^4.9.0", "@girs/gjs": "^4.9.0", "@girs/glib-2.0": "^4.9.0", "@girs/gmodule-2.0": "^4.9.0", "@girs/gobject-2.0": "^4.9.0" } }, "sha512-rhQgMjVqU1/SmYp4LPZt9u0xpyKoQCrFsedmSSlqZkMSQiZ1/G/UnXBn01RTPw3vtFSAZmqLor547GEVKk6x8w=="],

    "@girs/adw-1": ["@girs/adw-1@4.9.0", "", { "dependencies": { "@girs/cairo-1.0": "^4.9.0", "@girs/freetype2-2.0": "^4.9.0", "@girs/gdk-4.0": "^4.9.0", "@girs/gdkpixbuf-2.0": "^4.9.0", "@girs/gio-2.0": "^4.9.0", "@girs/gjs": "^4.9.0", "@girs/glib-2.0": "^4.9.0", "@girs/gmodule-2.0": "^4.9.0", "@girs/gobject-2.0": "^4.9.0", "@girs/graphene-1.0": "^4.9.0", "@girs/gsk-4.0": "^4.9.0", "@girs/gtk-4.0": "^4.9.0", "@girs/harfbuzz-0.0": "^4.9.0", "@girs/pango-1.0": "^4.9.0", "@girs/pangocairo-1.0": "^4.9.0" } }, "sha512-aFGYthrzCwsIxtLvoDn6LXVGAxqBhoF/Cdu46MMI6mxy2VTO3dr53QAzA7KqUtHgzD2TTzWwGm8iN1NCiS6cmw=="],

    "@girs/atk-1.0": ["@girs/atk-1.0@4.9.0", "", { "dependencies": { "@girs/gjs": "^4.9.0", "@girs/glib-2.0": "^4.9.0", "@girs/gobject-2.0": "^4.9.0" } }, "sha512-xLLVjyFeCoOIlTW86WmmX+An7h3hc9HT51hQh4J1VjB28BrSIlu4DL5vldIiwEFMUfJAAsTHP0TSeRj1fCrRpw=="],

    "@girs/cairo-1.0": ["@girs/cairo-1.0@4.9.0", "", { "dependencies": { "@girs/gjs": "^4.9.0", "@girs/glib-2.0": "^4.9.0", "@girs/gobject-2.0": "^4.9.0" } }, "sha512-4k48vMxVsHVNFz2Ow/tqtqaImhHBDbVUMy1gTO1+O3Pst2VZs9xHlKZsnsepWTs1NNvR1/ppqCS1MXjfrGr0ag=="],

    "@girs/clutter-18": ["@girs/clutter-18@4.9.0", "", { "dependencies": { "@girs/atk-1.0": "^4.9.0", "@girs/cairo-1.0": "^4.9.0", "@girs/cogl-18": "^4.9.0", "@girs/freetype2-2.0": "^4.9.0", "@girs/gio-2.0": "^4.9.0", "@girs/gjs": "^4.9.0", "@girs/gl-1.0": "^4.9.0", "@girs/glib-2.0": "^4.9.0", "@girs/gmodule-2.0": "^4.9.0", "@girs/gobject-2.0": "^4.9.0", "@girs/graphene-1.0": "^4.9.0", "@girs/harfbuzz-0.0": "^4.9.0", "@girs/mtk-18": "^4.9.0", "@girs/pango-1.0": "^4.9.0" } }, "sha512-sJNixTPIrnB5hR7KyazsuB7QyOOPafh+j3uvXD3sohyxpWNKnhUErWMtAl2umybLRLZfgW9pXVgdirvCPZ87Lg=="],

    "@girs/cogl-18": ["@girs/cogl-18@4.9.0", "", { "dependencies": { "@girs/gjs": "^4.9.0", "@girs/gl-1.0": "^4.9.0", "@girs/glib-2.0": "^4.9.0", "@girs/gobject-2.0": "^4.9.0", "@girs/graphene-1.0": "^4.9.0", "@girs/mtk-18": "^4.9.0" } }, "sha512-p2AEpE7p51Bg85FztwIXbURFFRa+flwrmeiqngj7jMuJ6qbUBdS28TCEHQkruXT4+NTibZPqxm59Q12TNjX9Pw=="],

    "@girs/freetype2-2.0": ["@girs/freetype2-2.0@4.9.0", "", { "dependencies": { "@girs/gjs": "^4.9.0", "@girs/gobject-2.0": "^4.9.0" } }, "sha512-WzRbjGI34XPCRZQxf3O6BkycvoZBtgrw+6CKr6/Kt4vtc6Bq6wLNuIClqfFtKmOpcRNSLKt/uCW9IF/vbyl/dg=="],

    "@girs/gck-2": ["@girs/gck-2@4.9.0", "", { "dependencies": { "@girs/gio-2.0": "^4.9.0", "@girs/gjs": "^4.9.0", "@girs/glib-2.0": "^4.9.0", "@girs/gmodule-2.0": "^4.9.0", "@girs/gobject-2.0": "^4.9.0" } }, "sha512-+FZJo134OnlicT+kCBNeyElVTOYlM6MTtsF1MUGHLLjhYhoZ22oFWqZr2Bwfq7iiuRI+Zve2yo0+Syd0ERNWUw=="],

    "@girs/gcr-4": ["@girs/gcr-4@4.9.0", "", { "dependencies": { "@girs/gck-2": "^4.9.0", "@girs/gio-2.0": "^4.9.0", "@girs/gjs": "^4.9.0", "@girs/glib-2.0": "^4.9.0", "@girs/gmodule-2.0": "^4.9.0", "@girs/gobject-2.0": "^4.9.0" } }, "sha512-c/5BjxJ2vVOnQDQWT+iyE+ZkV/zJzm+FCb4J/UqvzEg+xHYo0uUfGY9wzXB2SEQY4KJ7SEA/v76PpE13T7P1iw=="],

    "@girs/gda-5.0": ["@girs/gda-5.0@4.9.0", "", { "dependencies": { "@girs/gjs": "^4.9.0", "@girs/glib-2.0": "^4.9.0", "@girs/gobject-2.0": "^4.9.0", "@girs/libxml2-2.0": "^4.9.0" } }, "sha512-zvSENfZSyBqM/2z2h8mpXL7Pt70x/yM/wuAMwsdv4jNtx0qzU+hoifeK/FwIjSzCdHXjJRhilJ07hE8nWCOB7A=="],

    "@girs/gda-6.0": ["@girs/gda-6.0@4.9.0", "", { "dependencies": { "@girs/gio-2.0": "^4.9.0", "@girs/gjs": "^4.9.0", "@girs/glib-2.0": "^4.9.0", "@girs/gmodule-2.0": "^4.9.0", "@girs/gobject-2.0": "^4.9.0", "@girs/libxml2-2.0": "^4.9.0" } }, "sha512-LNKz/xangLBEIBvHMnoLIQc+pmWEv5juwUQXjH5AjKKuMn6fm6K2T+/73ZXcRah2pCwNnmEMgJbc4CXEOjGUQg=="],

    "@girs/gdesktopenums-3.0": ["@girs/gdesktopenums-3.0@4.9.0", "", { "dependencies": { "@girs/gjs": "^4.9.0", "@girs/gobject-2.0": "^4.9.0" } }, "sha512-AMfXl0zYrtdvJeRwo7BjoxQm7YnrnJLMY7qYjvkeSudZ3AZNUMrDKVCpxlRaTtloP9TCycMhhdpnk8CRHUf2Tg=="],

    "@girs/gdk-4.0": ["@girs/gdk-4.0@4.9.0", "", { "dependencies": { "@girs/cairo-1.0": "^4.9.0", "@girs/freetype2-2.0": "^4.9.0", "@girs/gdkpixbuf-2.0": "^4.9.0", "@girs/gio-2.0": "^4.9.0", "@girs/gjs": "^4.9.0", "@girs/glib-2.0": "^4.9.0", "@girs/gmodule-2.0": "^4.9.0", "@girs/gobject-2.0": "^4.9.0", "@girs/harfbuzz-0.0": "^4.9.0", "@girs/pango-1.0": "^4.9.0", "@girs/pangocairo-1.0": "^4.9.0" } }, "sha512-iWzhHgGqomiLtwbLY49pZ7MpZ40YYRtzjJ9YvXND2zkN56bZMqiXVRhAuHwDqzEbFtM9p/Pd8Q5DB2LrjIRERw=="],

    "@girs/gdkpixbuf-2.0": ["@girs/gdkpixbuf-2.0@4.9.0", "", { "dependencies": { "@girs/gio-2.0": "^4.9.0", "@girs/gjs": "^4.9.0", "@girs/glib-2.0": "^4.9.0", "@girs/gmodule-2.0": "^4.9.0", "@girs/gobject-2.0": "^4.9.0" } }, "sha512-M5TTMRTKuCRJo4JXJGqTnqED+g2rWFfWFuTka9fnY/NRkwF8soZD+LNy2z58JvVPoNeim4Q1xp1NYpNAxQc/qQ=="],

    "@girs/gdm-1.0": ["@girs/gdm-1.0@4.9.0", "", { "dependencies": { "@girs/gio-2.0": "^4.9.0", "@girs/gjs": "^4.9.0", "@girs/glib-2.0": "^4.9.0", "@girs/gmodule-2.0": "^4.9.0", "@girs/gobject-2.0": "^4.9.0" } }, "sha512-ID75rAR7ND7ngpaXn8CwqoPOGJVsvqTTgMhavN3Uzq/46y3WU/GdXAD4r/zEp8NhPn7p0vcbNF+KRKbkcU6Y4A=="],

    "@girs/gio-2.0": ["@girs/gio-2.0@4.9.0", "", { "dependencies": { "@girs/gjs": "^4.9.0", "@girs/glib-2.0": "^4.9.0", "@girs/gmodule-2.0": "^4.9.0", "@girs/gobject-2.0": "^4.9.0" } }, "sha512-3n39vbeOmX1CggTz4vTn+xKpa9wpVe39/gLwoBY6kaXE40OLy6xmNQMB6Nhyutj00acb22fDUx81q6UgQ9gvVg=="],

    "@girs/giounix-2.0": ["@girs/giounix-2.0@4.9.0", "", { "dependencies": { "@girs/gio-2.0": "^4.9.0", "@girs/gjs": "^4.9.0", "@girs/glib-2.0": "^4.9.0", "@girs/gmodule-2.0": "^4.9.0", "@girs/gobject-2.0": "^4.9.0" } }, "sha512-OCinDBCoAvDFrXmIWDUYzXG5AMXnzhQH77ua1r81RiXfkzYLVh5mbVavTviE/k0OY+MDqWQUb5zkC2w8vfNkfg=="],

    "@girs/gjs": ["@girs/gjs@4.9.0", "", { "dependencies": { "@girs/cairo-1.0": "^4.9.0", "@girs/gio-2.0": "^4.9.0", "@girs/glib-2.0": "^4.9.0", "@girs/gobject-2.0": "^4.9.0" } }, "sha512-RxEqCV2ANcz1SrF7nh54mUpe9Oq9YA5HuG+5q/pWToULvCr/sKtMbpNSRsAaS/xgpP7y2qGjX68YVhPjk/gHXg=="],

    "@girs/gl-1.0": ["@girs/gl-1.0@4.9.0", "", { "dependencies": { "@girs/gjs": "^4.9.0", "@girs/gobject-2.0": "^4.9.0" } }, "sha512-3mYwXT28bx9ZDlMFliC9NucTRqzSEAManl4GhOP9o/mFUi+VieAbAbtkWLVQvIGfiTnietjZPgeI4JcobozgHA=="],

    "@girs/glib-2.0": ["@girs/glib-2.0@4.9.0", "", { "dependencies": { "@girs/gjs": "^4.9.0", "@girs/gobject-2.0": "^4.9.0" } }, "sha512-ylAlrPtjVokPumJbbGQUGT1JSLtR6whvzU2DKVEoVO67h2yqZ37TFYBihwtskVf0/BfLNHdpGj2JPS+wMHJfuQ=="],

    "@girs/gmodule-2.0": ["@girs/gmodule-2.0@4.9.0", "", { "dependencies": { "@girs/gjs": "^4.9.0", "@girs/glib-2.0": "^4.9.0", "@girs/gobject-2.0": "^4.9.0" } }, "sha512-vH75DrILqwaSu2TBgoEeiQlJywLpjGGHSFcT+IQA+iiF+91I2Kqi3KHE9AidxpG226HaRvW+ZNWFECdEV4tPVw=="],

    "@girs/gnome-shell": ["@girs/gnome-shell@50.0.4", "", { "dependencies": { "@girs/accountsservice-1.0": "^4.1.0", "@girs/adw-1": "^4.1.0", "@girs/atk-1.0": "^4.1.0", "@girs/clutter-18": "^4.1.0", "@girs/cogl-18": "^4.1.0", "@girs/gcr-4": "^4.1.0", "@girs/gdm-1.0": "^4.1.0", "@girs/gio-2.0": "^4.1.0", "@girs/giounix-2.0": "^4.1.0", "@girs/gjs": "^4.1.0", "@girs/glib-2.0": "^4.1.0", "@girs/gnomebg-4.0": "^4.1.0", "@girs/gnomebluetooth-3.0": "^4.1.0", "@girs/gnomedesktop-4.0": "^4.1.0", "@girs/gobject-2.0": "^4.1.0", "@girs/gtk-4.0": "^4.1.0", "@girs/gvc-1.0": "^4.1.0", "@girs/meta-18": "^4.1.0", "@girs/mtk-18": "^4.1.0", "@girs/polkit-1.0": "^4.1.0", "@girs/shell-18": "^4.1.0", "@girs/shew-0": "^4.1.0", "@girs/st-18": "^4.1.0", "@girs/upowerglib-1.0": "^4.1.0" } }, "sha512-69phtdJHMPUBxVRDqfE4JWSZeauTIl0zFuILMIkJbqyHOb1U9sxN7yN59x+pJWGxVTktFz/Y9uXKjDzOcHlYFA=="],

    "@girs/gnomebg-4.0": ["@girs/gnomebg-4.0@4.9.0", "", { "dependencies": { "@girs/cairo-1.0": "^4.9.0", "@girs/freetype2-2.0": "^4.9.0", "@girs/gdesktopenums-3.0": "^4.9.0", "@girs/gdk-4.0": "^4.9.0", "@girs/gdkpixbuf-2.0": "^4.9.0", "@girs/gio-2.0": "^4.9.0", "@girs/gjs": "^4.9.0", "@girs/glib-2.0": "^4.9.0", "@girs/gmodule-2.0": "^4.9.0", "@girs/gnomedesktop-4.0": "^4.9.0", "@girs/gobject-2.0": "^4.9.0", "@girs/harfbuzz-0.0": "^4.9.0", "@girs/pango-1.0": "^4.9.0", "@girs/pangocairo-1.0": "^4.9.0" } }, "sha512-aMveqDMtQ6rR4xAH00Jtgk2diiD0CIzJKwlVeiuYFRXfFC4MnIQIqxvtHGnpA8Xa/nU7LeubWlMatXFVYLzjTg=="],

    "@girs/gnomebluetooth-3.0": ["@girs/gnomebluetooth-3.0@4.9.0", "", { "dependencies": { "@girs/gio-2.0": "^4.9.0", "@girs/gjs": "^4.9.0", "@girs/glib-2.0": "^4.9.0", "@girs/gmodule-2.0": "^4.9.0", "@girs/gobject-2.0": "^4.9.0" } }, "sha512-T2kiFVGwg0+ltmDpuZn08RcZAAgLfT0nPLvGncPAGkw+HQmXVdT4qMt/br3pBQAY0+wLhugTgb8muWJ3df7u5A=="],

    "@girs/gnomedesktop-4.0": ["@girs/gnomedesktop-4.0@4.9.0", "", { "dependencies": { "@girs/gdesktopenums-3.0": "^4.9.0", "@girs/gdkpixbuf-2.0": "^4.9.0", "@girs/gio-2.0": "^4.9.0", "@girs/gjs": "^4.9.0", "@girs/glib-2.0": "^4.9.0", "@girs/gmodule-2.0": "^4.9.0", "@girs/gobject-2.0": "^4.9.0" } }, "sha512-oEdvsFKCNpEGiRYrPcBkPmp9DfQx7/2ZWUUDU9q+1Qjsjv1z+MdCduxov3x1+OhUpXO0RjQZwfmMxO8ZymDJIQ=="],

    "@girs/gobject-2.0": ["@girs/gobject-2.0@4.9.0", "", { "dependencies": { "@girs/gjs": "^4.9.0", "@girs/glib-2.0": "^4.9.0" } }, "sha512-zEkMERp6u2APCkq1mFnkykxDS9Hqsawun0hiJ5L1fyFv0MWMscVvocyunS8zvsSiu2bsIqqj6F2t0qfNNsZIIg=="],

    "@girs/graphene-1.0": ["@girs/graphene-1.0@4.9.0", "", { "dependencies": { "@girs/gjs": "^4.9.0", "@girs/glib-2.0": "^4.9.0", "@girs/gobject-2.0": "^4.9.0" } }, "sha512-8XPKRlHPzUjXekxAzEWUWwcfC5mwEw2WCpzZ7es1rUCRFB8tjSZWGxqMErHN9hLft7Yd5rtXq8DlUrcmLW/PSg=="],

    "@girs/gsk-4.0": ["@girs/gsk-4.0@4.9.0", "", { "dependencies": { "@girs/cairo-1.0": "^4.9.0", "@girs/freetype2-2.0": "^4.9.0", "@girs/gdk-4.0": "^4.9.0", "@girs/gdkpixbuf-2.0": "^4.9.0", "@girs/gio-2.0": "^4.9.0", "@girs/gjs": "^4.9.0", "@girs/glib-2.0": "^4.9.0", "@girs/gmodule-2.0": "^4.9.0", "@girs/gobject-2.0": "^4.9.0", "@girs/graphene-1.0": "^4.9.0", "@girs/harfbuzz-0.0": "^4.9.0", "@girs/pango-1.0": "^4.9.0", "@girs/pangocairo-1.0": "^4.9.0" } }, "sha512-UJyrz2OHu2Fu2fbdo9oq4zyIp8XApKWlXfevLxkWndO/xTRL89WDJBzbh7AzdaDXE9MFbaZwdAla5jQ07wAD/g=="],

    "@girs/gsound-1.0": ["@girs/gsound-1.0@4.9.0", "", { "dependencies": { "@girs/gio-2.0": "^4.9.0", "@girs/gjs": "^4.9.0", "@girs/glib-2.0": "^4.9.0", "@girs/gmodule-2.0": "^4.9.0", "@girs/gobject-2.0": "^4.9.0" } }, "sha512-+hLAOEQOB1rnRQpS8gXi+xFoxYlGCT9LttqV1SmJsKD7LZWT5BVYl8wFPwVTx9PY3WaL+PmCCdhyT+Gtilfumw=="],

    "@girs/gst-1.0": ["@girs/gst-1.0@4.9.0", "", { "dependencies": { "@girs/gjs": "^4.9.0", "@girs/glib-2.0": "^4.9.0", "@girs/gmodule-2.0": "^4.9.0", "@girs/gobject-2.0": "^4.9.0" } }, "sha512-pv8PQ+YxxLeksq4spq48tBjIBRO7tubCHLWCDZRJ8CeBPf70zs5dR6JJFW/N7tPfgYZEfZJRRbu7wjqbs0y7xA=="],

    "@girs/gtk-4.0": ["@girs/gtk-4.0@4.9.0", "", { "dependencies": { "@girs/cairo-1.0": "^4.9.0", "@girs/freetype2-2.0": "^4.9.0", "@girs/gdk-4.0": "^4.9.0", "@girs/gdkpixbuf-2.0": "^4.9.0", "@girs/gio-2.0": "^4.9.0", "@girs/gjs": "^4.9.0", "@girs/glib-2.0": "^4.9.0", "@girs/gmodule-2.0": "^4.9.0", "@girs/gobject-2.0": "^4.9.0", "@girs/graphene-1.0": "^4.9.0", "@girs/gsk-4.0": "^4.9.0", "@girs/harfbuzz-0.0": "^4.9.0", "@girs/pango-1.0": "^4.9.0", "@girs/pangocairo-1.0": "^4.9.0" } }, "sha512-YuAbI8fVdZylJTvKfap8QQdATsB4s4zMcgkGm9Sro+ZwucUA0QAHSczsc/snqVtUvmpZoPOXan5+MKt7nMmPOg=="],

    "@girs/gvc-1.0": ["@girs/gvc-1.0@4.9.0", "", { "dependencies": { "@girs/gio-2.0": "^4.9.0", "@girs/gjs": "^4.9.0", "@girs/glib-2.0": "^4.9.0", "@girs/gmodule-2.0": "^4.9.0", "@girs/gobject-2.0": "^4.9.0" } }, "sha512-3MUHf6ECC1zYQtfY013Yt+Qm7qlHZe0HvO3ldVaY9b2D0IE8467+suy62LjVheUNNOzwvWiCWLkzh24kTVSyVA=="],

    "@girs/harfbuzz-0.0": ["@girs/harfbuzz-0.0@4.9.0", "", { "dependencies": { "@girs/freetype2-2.0": "^4.9.0", "@girs/gjs": "^4.9.0", "@girs/glib-2.0": "^4.9.0", "@girs/gobject-2.0": "^4.9.0" } }, "sha512-7DoBhKUSynQxc/E76KZ1yWBd777NU/JPrBtvv5mBnkfBqxz0LwFFuDcn0iYFTKJ51GgyOfJv6dY5AEEP15n/Kg=="],

    "@girs/libxml2-2.0": ["@girs/libxml2-2.0@4.9.0", "", { "dependencies": { "@girs/gjs": "^4.9.0", "@girs/gobject-2.0": "^4.9.0" } }, "sha512-/A2aeLuax8cnl+FsLkBH05AkIIdyTDFmfstbMFhVSG78vT9dO5Bg/hy0UTOJVC1L3wOka4RTbrCfXOwa48+usA=="],

    "@girs/meta-18": ["@girs/meta-18@4.9.0", "", { "dependencies": { "@girs/atk-1.0": "^4.9.0", "@girs/cairo-1.0": "^4.9.0", "@girs/clutter-18": "^4.9.0", "@girs/cogl-18": "^4.9.0", "@girs/freetype2-2.0": "^4.9.0", "@girs/gdesktopenums-3.0": "^4.9.0", "@girs/gio-2.0": "^4.9.0", "@girs/gjs": "^4.9.0", "@girs/gl-1.0": "^4.9.0", "@girs/glib-2.0": "^4.9.0", "@girs/gmodule-2.0": "^4.9.0", "@girs/gobject-2.0": "^4.9.0", "@girs/graphene-1.0": "^4.9.0", "@girs/harfbuzz-0.0": "^4.9.0", "@girs/mtk-18": "^4.9.0", "@girs/pango-1.0": "^4.9.0", "@girs/xfixes-4.0": "^4.9.0", "@girs/xlib-2.0": "^4.9.0" } }, "sha512-RxE/sMdMv8wBf3BqDEDWGNcCTK2Ifp96WD5eqhpi3N7eqGfV7Jc6yonogX4LDXcRUC35i6s1Ihp25AAKPtCu8w=="],

    "@girs/mtk-18": ["@girs/mtk-18@4.9.0", "", { "dependencies": { "@girs/gjs": "^4.9.0", "@girs/glib-2.0": "^4.9.0", "@girs/gobject-2.0": "^4.9.0", "@girs/graphene-1.0": "^4.9.0" } }, "sha512-np1v0eSs0Rg9Vafw8IR0VRVNaU4rvEztBW35P4AxjvnxQYX1pvb05mwmlM6CvFtgPvdBUc3NkfZ2JutaeFe/kA=="],

    "@girs/nm-1.0": ["@girs/nm-1.0@4.9.0", "", { "dependencies": { "@girs/gio-2.0": "^4.9.0", "@girs/gjs": "^4.9.0", "@girs/glib-2.0": "^4.9.0", "@girs/gmodule-2.0": "^4.9.0", "@girs/gobject-2.0": "^4.9.0" } }, "sha512-/h7siAsQl39e8OC2eDMotMh7QbiXfcgprDFV+YYRHdH3h6PgBrl2wY7sd6y0J9VRoIWD9C+X6XnAcDuC+GU9gw=="],

    "@girs/pango-1.0": ["@girs/pango-1.0@4.9.0", "", { "dependencies": { "@girs/cairo-1.0": "^4.9.0", "@girs/freetype2-2.0": "^4.9.0", "@girs/gio-2.0": "^4.9.0", "@girs/gjs": "^4.9.0", "@girs/glib-2.0": "^4.9.0", "@girs/gmodule-2.0": "^4.9.0", "@girs/gobject-2.0": "^4.9.0", "@girs/harfbuzz-0.0": "^4.9.0" } }, "sha512-WxsQXqenTFNkZB24666aZPuE0BJF0ofx9mhLGXJ99ZpR7yyQY9hwuO6XfECYeKcPQV0Wu47vOtEH1lh1i4GZiQ=="],

    "@girs/pangocairo-1.0": ["@girs/pangocairo-1.0@4.9.0", "", { "dependencies": { "@girs/cairo-1.0": "^4.9.0", "@girs/freetype2-2.0": "^4.9.0", "@girs/gio-2.0": "^4.9.0", "@girs/gjs": "^4.9.0", "@girs/glib-2.0": "^4.9.0", "@girs/gmodule-2.0": "^4.9.0", "@girs/gobject-2.0": "^4.9.0", "@girs/harfbuzz-0.0": "^4.9.0", "@girs/pango-1.0": "^4.9.0" } }, "sha512-4h+8a+6HAkVYsOnbh0BBs5fN/GMqMdi6VkU8vKK60+kqeFjTjtAVQE0W0Qc/OJEVP6Jb8eDph8BPHQEn6a06OQ=="],

    "@girs/polkit-1.0": ["@girs/polkit-1.0@4.9.0", "", { "dependencies": { "@girs/gio-2.0": "^4.9.0", "@girs/gjs": "^4.9.0", "@girs/glib-2.0": "^4.9.0", "@girs/gmodule-2.0": "^4.9.0", "@girs/gobject-2.0": "^4.9.0" } }, "sha512-g1aZ9/sMAoDyiq+ofqgZSdstv/pZvI/8Z01tjS8bmMccN1+51pEAWn7sg7hBltNE+92kEEExbDygmMGXNjfD/g=="],

    "@girs/polkitagent-1.0": ["@girs/polkitagent-1.0@4.9.0", "", { "dependencies": { "@girs/gio-2.0": "^4.9.0", "@girs/gjs": "^4.9.0", "@girs/glib-2.0": "^4.9.0", "@girs/gmodule-2.0": "^4.9.0", "@girs/gobject-2.0": "^4.9.0", "@girs/polkit-1.0": "^4.9.0" } }, "sha512-bbvRhp+z7veoNn/G+6dn2eq6OQAebVKQ3feYCd48H2KJIfJ30kbU9oGNnHDpeXzv2ybcepUzACNE1wRNTKgsRg=="],

    "@girs/shell-18": ["@girs/shell-18@4.9.0", "", { "dependencies": { "@girs/atk-1.0": "^4.9.0", "@girs/cairo-1.0": "^4.9.0", "@girs/clutter-18": "^4.9.0", "@girs/cogl-18": "^4.9.0", "@girs/freetype2-2.0": "^4.9.0", "@girs/gck-2": "^4.9.0", "@girs/gcr-4": "^4.9.0", "@girs/gdesktopenums-3.0": "^4.9.0", "@girs/gdkpixbuf-2.0": "^4.9.0", "@girs/gio-2.0": "^4.9.0", "@girs/giounix-2.0": "^4.9.0", "@girs/gjs": "^4.9.0", "@girs/gl-1.0": "^4.9.0", "@girs/glib-2.0": "^4.9.0", "@girs/gmodule-2.0": "^4.9.0", "@girs/gobject-2.0": "^4.9.0", "@girs/graphene-1.0": "^4.9.0", "@girs/gvc-1.0": "^4.9.0", "@girs/harfbuzz-0.0": "^4.9.0", "@girs/meta-18": "^4.9.0", "@girs/mtk-18": "^4.9.0", "@girs/nm-1.0": "^4.9.0", "@girs/pango-1.0": "^4.9.0", "@girs/polkit-1.0": "^4.9.0", "@girs/polkitagent-1.0": "^4.9.0", "@girs/st-18": "^4.9.0", "@girs/xfixes-4.0": "^4.9.0", "@girs/xlib-2.0": "^4.9.0" } }, "sha512-nqoBZlo0BRE3OsKskzCej6Fp09ZWXS3ZvWNeVEiLwvci3KImsIW6AkEv+NrvlUYO3E9UF5aYDHABFNWvHZLZEA=="],

    "@girs/shew-0": ["@girs/shew-0@4.9.0", "", { "dependencies": { "@girs/cairo-1.0": "^4.9.0", "@girs/freetype2-2.0": "^4.9.0", "@girs/gdk-4.0": "^4.9.0", "@girs/gdkpixbuf-2.0": "^4.9.0", "@girs/gio-2.0": "^4.9.0", "@girs/gjs": "^4.9.0", "@girs/glib-2.0": "^4.9.0", "@girs/gmodule-2.0": "^4.9.0", "@girs/gobject-2.0": "^4.9.0", "@girs/graphene-1.0": "^4.9.0", "@girs/gsk-4.0": "^4.9.0", "@girs/gtk-4.0": "^4.9.0", "@girs/harfbuzz-0.0": "^4.9.0", "@girs/pango-1.0": "^4.9.0", "@girs/pangocairo-1.0": "^4.9.0" } }, "sha512-fW4pl8JDRll47YQMAmqEUSQDCZhk4scEEvRsvExLGrWc6MygdwRbFA+04ra+zgRO365k4j7t5gFC1R1/0X99OQ=="],

    "@girs/soup-3.0": ["@girs/soup-3.0@4.9.0", "", { "dependencies": { "@girs/gio-2.0": "^4.9.0", "@girs/gjs": "^4.9.0", "@girs/glib-2.0": "^4.9.0", "@girs/gmodule-2.0": "^4.9.0", "@girs/gobject-2.0": "^4.9.0" } }, "sha512-kVO0tP556+0jsSsNE0n/i3d8QrVqHPO25gdwSRyuX/3E9cuTrJ/69Wrmnt+zJ0+MCnOr5I09yJv0TxUvwiwDDw=="],

    "@girs/st-18": ["@girs/st-18@4.9.0", "", { "dependencies": { "@girs/atk-1.0": "^4.9.0", "@girs/cairo-1.0": "^4.9.0", "@girs/clutter-18": "^4.9.0", "@girs/cogl-18": "^4.9.0", "@girs/freetype2-2.0": "^4.9.0", "@girs/gdesktopenums-3.0": "^4.9.0", "@girs/gdkpixbuf-2.0": "^4.9.0", "@girs/gio-2.0": "^4.9.0", "@girs/gjs": "^4.9.0", "@girs/gl-1.0": "^4.9.0", "@girs/glib-2.0": "^4.9.0", "@girs/gmodule-2.0": "^4.9.0", "@girs/gobject-2.0": "^4.9.0", "@girs/graphene-1.0": "^4.9.0", "@girs/harfbuzz-0.0": "^4.9.0", "@girs/meta-18": "^4.9.0", "@girs/mtk-18": "^4.9.0", "@girs/pango-1.0": "^4.9.0", "@girs/xfixes-4.0": "^4.9.0", "@girs/xlib-2.0": "^4.9.0" } }, "sha512-VMdgmklmH2wDc0CgASmUQDtruTmQCdIqWm8/5F6Ks5URDkP3FRucrq88avXlaerWRN/dwikYT0UQfJPT+Dw8IQ=="],

    "@girs/upowerglib-1.0": ["@girs/upowerglib-1.0@4.9.0", "", { "dependencies": { "@girs/gio-2.0": "^4.9.0", "@girs/gjs": "^4.9.0", "@girs/glib-2.0": "^4.9.0", "@girs/gmodule-2.0": "^4.9.0", "@girs/gobject-2.0": "^4.9.0" } }, "sha512-wGptYb4WqkVElyi55ThMcfEumwgx5io6dN1aGzKYyxtyamrPLCKHwt3NGRXYXDR9fKkTTpEA6IdYvLF7717lqQ=="],

    "@girs/xfixes-4.0": ["@girs/xfixes-4.0@4.9.0", "", { "dependencies": { "@girs/gjs": "^4.9.0", "@girs/gobject-2.0": "^4.9.0" } }, "sha512-vyCuTgWrgHAGSP3DYrNgP73nQ5AsyGvjjLLapjU06jUJkixxCd0wceXrkFnVJQsXjUT3nfU9yXgdy2vZsJnBVA=="],

    "@girs/xlib-2.0": ["@girs/xlib-2.0@4.9.0", "", { "dependencies": { "@girs/gjs": "^4.9.0", "@girs/gobject-2.0": "^4.9.0" } }, "sha512-jOMEq91LT410DiJwDo7Xq5yLp5Al0seYZy+rF2YpGUvyfCxOgkmLPTWvhSc4IEJ4AMv+C4d/2suvGh3OUiTHJg=="],

    "@parcel/watcher": ["@parcel/watcher@2.6.0", "", { "dependencies": { "detect-libc": "^2.0.3", "is-glob": "^4.0.3", "node-addon-api": "^7.0.0", "picomatch": "^4.0.4" }, "optionalDependencies": { "@parcel/watcher-android-arm64": "2.6.0", "@parcel/watcher-darwin-arm64": "2.6.0", "@parcel/watcher-darwin-x64": "2.6.0", "@parcel/watcher-freebsd-x64": "2.6.0", "@parcel/watcher-linux-arm-glibc": "2.6.0", "@parcel/watcher-linux-arm-musl": "2.6.0", "@parcel/watcher-linux-arm64-glibc": "2.6.0", "@parcel/watcher-linux-arm64-musl": "2.6.0", "@parcel/watcher-linux-x64-glibc": "2.6.0", "@parcel/watcher-linux-x64-musl": "2.6.0", "@parcel/watcher-win32-arm64": "2.6.0", "@parcel/watcher-win32-x64": "2.6.0" } }, "sha512-7FNeNl8NCE7aINx7WXiKQrPYZWC/hvrTsmk6zmxbI7LTXE7hVek/n8AfVgpe2y82zl3w0HvCHN0bVKMBoJcC0w=="],

    "@parcel/watcher-android-arm64": ["@parcel/watcher-android-arm64@2.6.0", "", { "os": "android", "cpu": "arm64" }, "sha512-trgpLSCKRC/huFjXX/Smh+0sWe4+YtKfktIToiMl59ghz7z+qkH6kMvNnUbLyRs9N11t8l4svSCs1+5B3rOAhA=="],

    "@parcel/watcher-darwin-arm64": ["@parcel/watcher-darwin-arm64@2.6.0", "", { "os": "darwin", "cpu": "arm64" }, "sha512-Y3QV0gl7Q1zbfueunkWIERICbEojQFCgpyG7YqOGNFLsckXyI1xu9mAIUpKY9QBYzBtSkN8dBPwd3yiAO9ovMw=="],

    "@parcel/watcher-darwin-x64": ["@parcel/watcher-darwin-x64@2.6.0", "", { "os": "darwin", "cpu": "x64" }, "sha512-Ohv6OpzhUfKYD7Beb8kDvG0jbIxORCYY1JRdZnaBtnjjkJxgD7ZVL0nw2sCYd0yTMKTvz3nnTnOF3cDifK+kvw=="],

    "@parcel/watcher-freebsd-x64": ["@parcel/watcher-freebsd-x64@2.6.0", "", { "os": "freebsd", "cpu": "x64" }, "sha512-5HmXvDgs8VK+74jF9y9/2FE3/OnlcKmc56tjmSrEuZjpSZOGL+fvAu+HKJBdPs9uwoP2hE6TlSUpXZ/C5jUFmQ=="],

    "@parcel/watcher-linux-arm-glibc": ["@parcel/watcher-linux-arm-glibc@2.6.0", "", { "os": "linux", "cpu": "arm" }, "sha512-Ps/hui3A+vMbjdqlqAowK2ZL8+BO8dBjxeWXj6npTBs3jx4wWmbPpaLuqwrQrSqIVMCnpWo238bJ1U37GhQOYg=="],

    "@parcel/watcher-linux-arm-musl": ["@parcel/watcher-linux-arm-musl@2.6.0", "", { "os": "linux", "cpu": "arm" }, "sha512-9c6AUHgHoG+IY88MRIHupztQiQnrbqHYQjkM2btA+Bf/wQnQMuiD0Wfk1EVv3TlNT3x41uU71rn6E4xh/+zvkw=="],

    "@parcel/watcher-linux-arm64-glibc": ["@parcel/watcher-linux-arm64-glibc@2.6.0", "", { "os": "linux", "cpu": "arm64" }, "sha512-yHRqS2owEXe6Hic9z6Mh1ECsCd+ODVOGvZDyciqRd21+v+o+DnXMOrw50DSpIG2sb8GPEaPPmfeCAWKPJdq46g=="],

    "@parcel/watcher-linux-arm64-musl": ["@parcel/watcher-linux-arm64-musl@2.6.0", "", { "os": "linux", "cpu": "arm64" }, "sha512-WhB2e/V7rqdHHWZusBSPuy5Ei8S6lSz6FE5TKKQz5h3a0O+C+mhY7vxU9b/stqvMb8beLnPY82ZrFTLKs+SrKA=="],

    "@parcel/watcher-linux-x64-glibc": ["@parcel/watcher-linux-x64-glibc@2.6.0", "", { "os": "linux", "cpu": "x64" }, "sha512-ulGE6x6Oz6iAwg75T8YQSoguBWasniIbX+QWpaYPcCnDOpdWX3k+4xbEYPZVLxOuoJI+svJJPD3sEj8G7lrQ3A=="],

    "@parcel/watcher-linux-x64-musl": ["@parcel/watcher-linux-x64-musl@2.6.0", "", { "os": "linux", "cpu": "x64" }, "sha512-tkBYKt7YQrjIJWYDnto2YgO8MRkjlMTSNoRHzsXinBqbLdeOM3L32wPZJvIZxqaLMfSlS/4sUjH/6STVP/XDLw=="],

    "@parcel/watcher-win32-arm64": ["@parcel/watcher-win32-arm64@2.6.0", "", { "os": "win32", "cpu": "arm64" }, "sha512-gIZAP23jaHjGWasY/TY6yL7NHFClf0Ga7FN+iINvk+KN94rhm94lYZhFsbYFNcA04/onvGD9kKmiJLJB2HbNwQ=="],

    "@parcel/watcher-win32-x64": ["@parcel/watcher-win32-x64@2.6.0", "", { "os": "win32", "cpu": "x64" }, "sha512-cA+/pXV2YkfxlIcXOQ5fSWqAzzPyD78/x5qbK/I0vUkrlYHA8TIz+MXjAbGouguKVSI4bOmkTSJ1/poVSsgt+A=="],

    "@tsconfig/strictest": ["@tsconfig/strictest@2.0.8", "", {}, "sha512-XnQ7vNz5HRN0r88GYf1J9JJjqtZPiHt2woGJOo2dYqyHGGcd6OLGqSlBB6p1j9mpzja6Oe5BoPqWmeDx6X9rLw=="],

    "@types/node": ["@types/node@26.6.2", "", { "dependencies": { "undici-types": "~8.9.0" } }, "sha512-X1P21scMv4zGKLYqjdGjaKa7COa0RKVYYZZN/NfvLQ1JegxFhdhpZG/Lyn8AXx6CDUavKAd11v6BvfpkDByK8g=="],

    "@typescript/typescript-aix-ppc64": ["@typescript/typescript-aix-ppc64@7.0.2", "", { "os": "aix", "cpu": "ppc64" }, "sha512-MTKKkWB7p/0E9xi1d1tHtZ5PiLkGEMIq88pK2CubZjOsLtYTLqhgIgi6zepFa+9GHZ6h05NMCkQxGKiPXMxXtQ=="],

    "@typescript/typescript-darwin-arm64": ["@typescript/typescript-darwin-arm64@7.0.2", "", { "os": "darwin", "cpu": "arm64" }, "sha512-gowzar9MwS/aRWp6f3a4KUqzRjAZjOsmGNCM6LcTgXum+dBfgsBVMN+AgvOCCbguXyick6LJhpBszxMebJ8syA=="],

    "@typescript/typescript-darwin-x64": ["@typescript/typescript-darwin-x64@7.0.2", "", { "os": "darwin", "cpu": "x64" }, "sha512-SZ9xZInqApNlNGc9s0W1VSsktYSOe9cFqNOIqmN1Gs8SmkjKZYFt017G4VwPxASInODuAdbTW7sXiFUf893RgA=="],

    "@typescript/typescript-freebsd-arm64": ["@typescript/typescript-freebsd-arm64@7.0.2", "", { "os": "freebsd", "cpu": "arm64" }, "sha512-W5NH4y/J0plIIS5b2xvTEkU7JFxyqdMAOgf+Ilhl0vHQXKO5dZoxd+C/jEtq56c4F3wk71RB4BMRQ2XdI+bwYQ=="],

    "@typescript/typescript-freebsd-x64": ["@typescript/typescript-freebsd-x64@7.0.2", "", { "os": "freebsd", "cpu": "x64" }, "sha512-UMGDx5sTpzNw3WiPebH7l90IWfJggEd+egHt/q6p7/Cm3zqoV7VxkGXt+3DxPIw8CcmvAB0j3sVVfbhX+M4Tpw=="],

    "@typescript/typescript-linux-arm": ["@typescript/typescript-linux-arm@7.0.2", "", { "os": "linux", "cpu": "arm" }, "sha512-gffT3xPz9sR7j/YJExkyPntrI0P2EP9XbOyWzth2/Gs0RstK+90RBcO0ncXoXy/beYll1SXw846Nf2zdnEz0QQ=="],

    "@typescript/typescript-linux-arm64": ["@typescript/typescript-linux-arm64@7.0.2", "", { "os": "linux", "cpu": "arm64" }, "sha512-Qh4eU4/y3yDjnfjjyPYihMj5/ODIlmt+Bzu17OI+fiSRDW57QmU5SiN63exPRNJPKUzcc1INa1NXdrJ+MqHjUQ=="],

    "@typescript/typescript-linux-loong64": ["@typescript/typescript-linux-loong64@7.0.2", "", { "os": "linux", "cpu": "none" }, "sha512-uEHck9i8hoAzXPiYRib1O7miOnz23SxIeVl6F4LXox+qov1K35jHcEW6VHKvZI+pyvl7fZEP4MCU5LYvIq1GuQ=="],

    "@typescript/typescript-linux-mips64el": ["@typescript/typescript-linux-mips64el@7.0.2", "", { "os": "linux", "cpu": "none" }, "sha512-R4KvAMnE43W5Qeqb0Ly56O3mWMWIAgsMyz36DCaycd5nbg/9kzm0liw3JocfRqyJY0KPmzFjbswozXyW0DnIYA=="],

    "@typescript/typescript-linux-ppc64": ["@typescript/typescript-linux-ppc64@7.0.2", "", { "os": "linux", "cpu": "ppc64" }, "sha512-DORx5b3sd/4S7eayxm4FQv+A7CrkUIGRaHiwI8oiHTAI1fAPWhF4J0vAlkC8biAlHSVVwxMQ3tjZ2/DVbnQiiA=="],

    "@typescript/typescript-linux-riscv64": ["@typescript/typescript-linux-riscv64@7.0.2", "", { "os": "linux", "cpu": "none" }, "sha512-wf0jqEDOjrPRnKwYRyyJDRo11KMbvMFrU+q4zqKyChODBzvlkbhNQfKvLxQCcwTpdDaXSHZTVuh0JoCrKCUMHQ=="],

    "@typescript/typescript-linux-s390x": ["@typescript/typescript-linux-s390x@7.0.2", "", { "os": "linux", "cpu": "s390x" }, "sha512-IkwJc3L7yhytWd/ewjyxNDfOmswCm9GWMJT/ue/dU4aZNbwZeYAetq42VyLmsmSjvoX7z74X6ZaYCtzAr0EuGw=="],

    "@typescript/typescript-linux-x64": ["@typescript/typescript-linux-x64@7.0.2", "", { "os": "linux", "cpu": "x64" }, "sha512-EYdf2cNg7rgCWJnxCdJ+F3V39O8ihb37eHAu1LK8oAFizgTQbPOK7zHHXbPt8rX24COqODXeI3sIf0fCXG7H/A=="],

    "@typescript/typescript-netbsd-arm64": ["@typescript/typescript-netbsd-arm64@7.0.2", "", { "os": "none", "cpu": "arm64" }, "sha512-+polYF4MF04aPpO5FTkHran9yUQDSXqy5GiSDKpsll5jy3l3+g9QLhpf39T+ePtefhXLOGrLl0QIjkQP6VnelA=="],

    "@typescript/typescript-netbsd-x64": ["@typescript/typescript-netbsd-x64@7.0.2", "", { "os": "none", "cpu": "x64" }, "sha512-8YIT0EHM/3dq10ZOVF/A7pc/YSMtbcecct4rWtexrnSCHOPcpC2KTLXfTCR6vDpnSiY12heNb1GiN/wu+T/FyA=="],

    "@typescript/typescript-openbsd-arm64": ["@typescript/typescript-openbsd-arm64@7.0.2", "", { "os": "openbsd", "cpu": "arm64" }, "sha512-APT8+ClYnuYm1u9+kgGXoMj2VzWzcymwh2gNSQVySHfkRDGOTVkoWLjCmOQSaO+PoqQ57B0flRp9SA+7GnnkzQ=="],

    "@typescript/typescript-openbsd-x64": ["@typescript/typescript-openbsd-x64@7.0.2", "", { "os": "openbsd", "cpu": "x64" }, "sha512-yX7s+Q0Dln0Dt9tEzZsAjXXR/+ytBM7AlglaqyeMPxQszJ1JhlJdZ6jLA+IzldHtflX81em7lDao1xXu+aRRkg=="],

    "@typescript/typescript-sunos-x64": ["@typescript/typescript-sunos-x64@7.0.2", "", { "os": "sunos", "cpu": "x64" }, "sha512-dLJDGaLZ1D4HPQn62u1n8mBDkJREwMsAkCdkwd4Ieqw+x3TUyTsqY0YiBCtE6H6OzzgGk3iuZ3vFWRS+E8/d1g=="],

    "@typescript/typescript-win32-arm64": ["@typescript/typescript-win32-arm64@7.0.2", "", { "os": "win32", "cpu": "arm64" }, "sha512-Gyl1Vy6OsWesLzmq+EP0Fb7b4Nid5232AvcA2SFcdYreldpNtYFFofPjnt62y9hQy7VTaZp65ICJjuAQRaVcIQ=="],

    "@typescript/typescript-win32-x64": ["@typescript/typescript-win32-x64@7.0.2", "", { "os": "win32", "cpu": "x64" }, "sha512-0BQ3HkAHHlKLSp1qRvf3SUhGpGsDuhB/jgFw75guyqbxJqEaS0Cw/VFO8i2nHglJUzQCRtMMR/IBAKE3ETMC4g=="],

    "ansi-regex": ["ansi-regex@6.3.0", "", {}, "sha512-WpDfL7NO6j7tH88IDBNVdUJxDh9nmCteAVW9dsep846XdwF4naCBK+/tGLX3KJgcpgMRXCFlTM2hKGoK9FsdrQ=="],

    "ansi-styles": ["ansi-styles@6.2.3", "", {}, "sha512-4Dj6M28JB+oAH8kFkTLUo+a2jwOFkuqb3yucU0CANcRRUbxS0cP0nZYCGjcc3BNXwRIsUVmDGgzawme7zvJHvg=="],

    "chokidar": ["chokidar@5.0.0", "", { "dependencies": { "readdirp": "^5.0.0" } }, "sha512-TQMmc3w+5AxjpL8iIiwebF73dRDF4fBIieAqGn9RGCWaEVwQ6Fb2cGe31Yns0RRIzii5goJ1Y7xbMwo1TxMplw=="],

    "cliui": ["cliui@9.0.1", "", { "dependencies": { "string-width": "^7.2.0", "strip-ansi": "^7.1.0", "wrap-ansi": "^9.0.0" } }, "sha512-k7ndgKhwoQveBL+/1tqGJYNz097I7WOvwbmmU2AR5+magtbjPWQTS1C5vzGkBC8Ym8UWRzfKUzUUqFLypY4Q+w=="],

    "dependency-graph": ["dependency-graph@1.0.0", "", {}, "sha512-cW3gggJ28HZ/LExwxP2B++aiKxhJXMSIt9K48FOXQkm+vuG5gyatXnLsONRJdzO/7VfjDIiaOOa/bs4l464Lwg=="],

    "detect-libc": ["detect-libc@2.1.2", "", {}, "sha512-Btj2BOOO83o3WyH59e8MgXsxEQVcarkUOpEYrubB0urwnN10yQ364rsiByU11nZlqWYZm05i/of7io4mzihBtQ=="],

    "emoji-regex": ["emoji-regex@10.6.0", "", {}, "sha512-toUI84YS5YmxW219erniWD0CIVOo46xGKColeNQRgOzDorgBi1v4D71/OFzgD9GO2UGKIv1C3Sp8DAn0+j5w7A=="],

    "es-errors": ["es-errors@1.3.0", "", {}, "sha512-Zf5H2Kxt2xjTvbJvP2ZWLEICxA6j+hAmMzIlypy4xcBg1vKVnx89Wy0GbS+kf5cwCVFFzdCFh2XSCFNULS6csw=="],

    "esbuild": ["esbuild@0.28.2", "", { "optionalDependencies": { "@esbuild/aix-ppc64": "0.28.2", "@esbuild/android-arm": "0.28.2", "@esbuild/android-arm64": "0.28.2", "@esbuild/android-x64": "0.28.2", "@esbuild/darwin-arm64": "0.28.2", "@esbuild/darwin-x64": "0.28.2", "@esbuild/freebsd-arm64": "0.28.2", "@esbuild/freebsd-x64": "0.28.2", "@esbuild/linux-arm": "0.28.2", "@esbuild/linux-arm64": "0.28.2", "@esbuild/linux-ia32": "0.28.2", "@esbuild/linux-loong64": "0.28.2", "@esbuild/linux-mips64el": "0.28.2", "@esbuild/linux-ppc64": "0.28.2", "@esbuild/linux-riscv64": "0.28.2", "@esbuild/linux-s390x": "0.28.2", "@esbuild/linux-x64": "0.28.2", "@esbuild/netbsd-arm64": "0.28.2", "@esbuild/netbsd-x64": "0.28.2", "@esbuild/openbsd-arm64": "0.28.2", "@esbuild/openbsd-x64": "0.28.2", "@esbuild/openharmony-arm64": "0.28.2", "@esbuild/sunos-x64": "0.28.2", "@esbuild/win32-arm64": "0.28.2", "@esbuild/win32-ia32": "0.28.2", "@esbuild/win32-x64": "0.28.2" }, "bin": { "esbuild": "bin/esbuild" } }, "sha512-HKVLS8dvII+xoKW9kmqxbRKrnWEXfJJr/FZhhJmiqIB0e053QNYFqOBouTMO/k5sID4MvCiUCvv8b9M4h32wIA=="],

    "escalade": ["escalade@3.2.0", "", {}, "sha512-WUj2qlxaQtO4g6Pq5c29GTcWGDyd8itL8zTlipgECz3JesAiiOKotd8JU6otB3PACgG6xkJUyVhboMS+bje/jA=="],

    "fdir": ["fdir@6.5.0", "", { "peerDependencies": { "picomatch": "^3 || ^4" }, "optionalPeers": ["picomatch"] }, "sha512-tIbYtZbucOs0BRGqPJkshJUYdL+SDH7dVM8gjy+ERp3WAUjLEFJE+02kanyHtwjWOnwrKYBiwAmM0p4kLJAnXg=="],

    "fsevents": ["fsevents@2.3.3", "", { "os": "darwin" }, "sha512-5xoDfX+fL7faATnagmWPpbFtwh/R77WmMMqqHGS65C3vvB0YHrgF+B1YmZ3441tMj5n63k0212XNoJwzlhffQw=="],

    "function-bind": ["function-bind@1.1.2", "", {}, "sha512-7XHNxH7qX9xG5mIwxkhumTox/MIRNcOgDrxWsMt2pAr23WHp6MrRlN7FBSFpCpr+oVO0F744iUgR82nJMfG2SA=="],

    "get-caller-file": ["get-caller-file@2.0.5", "", {}, "sha512-DyFP3BM/3YHTQOCUL/w0OZHR0lpKeGrxotcHWcqNEdnltqFwXVfhEBQ94eIo34AfQpo0rGki4cyIiftY06h2Fg=="],

    "get-east-asian-width": ["get-east-asian-width@1.7.0", "", {}, "sha512-XjH1AECxf0giL2V1aU8vKyRR2ppRUb5c0EvT7zuJTokQ74bNo52zOtghqdWIqrhUD79fo3x0WfKZdOqxF6LG1Q=="],

    "hasown": ["hasown@2.0.4", "", { "dependencies": { "function-bind": "^1.1.2" } }, "sha512-T2UbfbBEF32wiepXIsMlTW9+dDYC6wMh/t/vYA4tuOMKqWz/n3vr1NFSxQiyP+zk2mXsoMA/i/7qV6LKut1t1A=="],

    "highlight.js": ["highlight.js@11.12.0", "", {}, "sha512-nbfWpyRMcMrPMmDwJB+dhX/eiaPKtc2RB+0QZskqJ3WjRA/FDS0e9hZrx8EC/lbEv8gXy98FcDbNa/dspAaJMg=="],

    "immutable": ["immutable@5.1.9", "", {}, "sha512-m8nVez3rwrgmWxtLMt1ZYXB2Lv7OKYn/disyxAlSDYAlKSlFoPPfIAmAM/M5xqL4m4C/wAPw7S2/CNaUii1Hxg=="],

    "is-core-module": ["is-core-module@2.17.0", "", { "dependencies": { "hasown": "^2.0.4" } }, "sha512-J/vG0zBCbIKOQFfufSwyXdMrsohyJIUNkrnmo6WZGzoM7tr/lsbfW5b2BvisL6zsyMzK9UxV9L6c7AoFbyXHOA=="],

    "is-extglob": ["is-extglob@2.1.1", "", {}, "sha512-SbKbANkN603Vi4jEZv49LeVJMn4yGwsbzZworEoyEiutsN3nJYdbO36zfhGJ6QEDpOZIFkDtnq5JRxmvl3jsoQ=="],

    "is-glob": ["is-glob@4.0.3", "", { "dependencies": { "is-extglob": "^2.1.1" } }, "sha512-xelSayHH36ZgE7ZWhli7pW34hNbNl8Ojv5KVmkJD4hBdD3th8Tfk9vYasLM+mXWOZhFkgZfxhLSnrwRr4elSSg=="],

    "lilconfig": ["lilconfig@3.1.3", "", {}, "sha512-/vlFKAoH5Cgt3Ie+JLhRbwOsCQePABiU3tJ1egGvyQ+33R/vcwM2Zl2QR/LzjsBeItPt3oSVXapn+m4nQDvpzw=="],

    "nanoid": ["nanoid@3.3.19", "", { "bin": { "nanoid": "bin/nanoid.cjs" } }, "sha512-Y2tUNy4ouw6tq5oDSKeQYGOyhkUBhNOcGV/02KC+6kd9eDGqdZd++mjMiIDilrBYvjEnCYvVtsuHCuP+okSfug=="],

    "node-addon-api": ["node-addon-api@7.1.1", "", {}, "sha512-5m3bsyrjFWE1xf7nz7YXdN4udnVtXK6/Yfgn5qnahL6bCkf2yKt4k3nuTKAtT4r3IG8JNR2ncsIMdZuAzJjHQQ=="],

    "path-parse": ["path-parse@1.0.7", "", {}, "sha512-LDJzPVEEEPR+y48z93A0Ed0yXb8pAByGWo/k5YYdYgpY2/2EsOsksJrq7lOHxryrVOn1ejG6oAp8ahvOIQD8sw=="],

    "picocolors": ["picocolors@1.1.1", "", {}, "sha512-xceH2snhtb5M9liqDsmEw56le376mTZkEX/jEb/RxNFyegNul7eNslCXP9FDj/Lcu0X8KEyMceP2ntpaHrDEVA=="],

    "picomatch": ["picomatch@4.0.7", "", {}, "sha512-qcJu88Q2IWqJsDD529JKMdwGm/dvInW4HvQnRwiH9JtihJvzGOscDtHE3x1pBKeUOTysQ8kVmLnJ2kJu7yhcGA=="],

    "postcss": ["postcss@8.5.28", "", { "dependencies": { "nanoid": "^3.3.18", "picocolors": "^1.1.1", "source-map-js": "^1.2.1" } }, "sha512-RRuzqDtt5Y9h3quz5hWhK+TPnsmVs6WwSU6LkJMeY4HstUEDuYTG8UJSdawMRzmzAtV+KEoG8N3Qg2qLy5vM/A=="],

    "postcss-cli": ["postcss-cli@12.0.0", "", { "dependencies": { "chokidar": "^5.0.0", "dependency-graph": "^1.0.0", "picocolors": "^1.0.0", "postcss-load-config": "^6.0.0", "postcss-reporter": "^7.0.0", "pretty-hrtime": "^1.0.3", "read-cache": "^1.0.0", "slash": "^5.0.0", "tinyglobby": "^0.2.12", "yargs": "^18.0.0" }, "peerDependencies": { "postcss": "^8.0.0" }, "bin": { "postcss": "index.js" } }, "sha512-57J2u1NuXuqGXftaK9JFEr/J3vtLzWpdN+RHs8GeeKUlvX7PU18VQJA57t0Rzf4CmbSfQApCwJIPrSFanQu5tQ=="],

    "postcss-import": ["postcss-import@17.0.0", "", { "dependencies": { "postcss-value-parser": "^4.0.0", "read-cache": "^1.0.0", "resolve": "^1.1.7" }, "peerDependencies": { "postcss": "^8.0.0" } }, "sha512-qzVMJhcq39KweT7Fp0HcjE5YxL5yI854Q3CtufxDuZKO9HLQUp2rptB9+U0MIj3pT1ZEVXoqnpeC1mSkfYuz4Q=="],

    "postcss-load-config": ["postcss-load-config@6.0.1", "", { "dependencies": { "lilconfig": "^3.1.1" }, "peerDependencies": { "jiti": ">=1.21.0", "postcss": ">=8.0.9", "tsx": "^4.8.1", "yaml": "^2.4.2" }, "optionalPeers": ["jiti", "postcss", "tsx", "yaml"] }, "sha512-oPtTM4oerL+UXmx+93ytZVN82RrlY/wPUV8IeDxFrzIjXOLF1pN+EmKPLbubvKHT2HC20xXsCAH2Z+CKV6Oz/g=="],

    "postcss-reporter": ["postcss-reporter@7.1.0", "", { "dependencies": { "picocolors": "^1.0.0", "thenby": "^1.3.4" }, "peerDependencies": { "postcss": "^8.1.0" } }, "sha512-/eoEylGWyy6/DOiMP5lmFRdmDKThqgn7D6hP2dXKJI/0rJSO1ADFNngZfDzxL0YAxFvws+Rtpuji1YIHj4mySA=="],

    "postcss-scss": ["postcss-scss@4.0.9", "", { "peerDependencies": { "postcss": "^8.4.29" } }, "sha512-AjKOeiwAitL/MXxQW2DliT28EKukvvbEWx3LBmJIRN8KfBGZbRTxNYW0kSqi1COiTZ57nZ9NW06S6ux//N1c9A=="],

    "postcss-value-parser": ["postcss-value-parser@4.2.0", "", {}, "sha512-1NNCs6uurfkVbeXG4S8JFT9t19m45ICnif8zWLd5oPSZ50QnwMfK+H3jv408d4jw/7Bttv5axS5IiHoLaVNHeQ=="],

    "pretty-hrtime": ["pretty-hrtime@1.0.3", "", {}, "sha512-66hKPCr+72mlfiSjlEB1+45IjXSqvVAIy6mocupoww4tBFE9R9IhwwUGoI4G++Tc9Aq+2rxOt0RFU6gPcrte0A=="],

    "read-cache": ["read-cache@1.0.2", "", {}, "sha512-/peqiBB/n07gQGLsWaHho3WfvUyRscw0gYTsEFMhrIe/nWLkYaf5SbKYjGYqtRV3aPwykJgF2VEMo1ac4bnsGA=="],

    "readdirp": ["readdirp@5.1.1", "", {}, "sha512-Kko+Y5XQ6fM+Ce3dq3m9YGxnacYZYl9cA1wZjaF3Vbry2L3i1qVg8+CAgNPsXRArPMUMCaOR7oa9Nqntc43JKA=="],

    "resolve": ["resolve@1.22.12", "", { "dependencies": { "es-errors": "^1.3.0", "is-core-module": "^2.16.1", "path-parse": "^1.0.7", "supports-preserve-symlinks-flag": "^1.0.0" }, "bin": { "resolve": "bin/resolve" } }, "sha512-TyeJ1zif53BPfHootBGwPRYT1RUt6oGWsaQr8UyZW/eAm9bKoijtvruSDEmZHm92CwS9nj7/fWttqPCgzep8CA=="],

    "sass": ["sass@1.104.1", "", { "dependencies": { "chokidar": "^5.0.0", "immutable": "^5.1.5", "source-map-js": ">=0.6.2 <2.0.0" }, "optionalDependencies": { "@parcel/watcher": "^2.4.1" }, "bin": { "sass": "sass.js" } }, "sha512-yDA+1aIG3EHgN4V/BvuhCvu61FF6hEd4e+9DxikUm9U0CAGuvdIZ/UYy7qbOxjhbbWQraoyLlMuzdRGOSV5Bmw=="],

    "slash": ["slash@5.1.0", "", {}, "sha512-ZA6oR3T/pEyuqwMgAKT0/hAv8oAXckzbkmR0UkUosQ+Mc4RxGoJkRmwHgHufaenlyAgE1Mxgpdcrf75y6XcnDg=="],

    "source-map": ["source-map@0.8.0", "", {}, "sha512-d8EqvL+k/SOXCreS/SUzg2ciyHqBBLcN/yuRjFsbvVhHTE2pgei7oAhmPM7kWFbkX6OSMQfUq4KbkF3au9lhYQ=="],

    "source-map-js": ["source-map-js@1.2.1", "", {}, "sha512-UXWMKhLOwVKb728IUtQPXxfYU+usdybtUrK/8uGE8CQMvrhOpwvzDBwj0QhSL7MQc7vIsISBG8VQ8+IDQxpfQA=="],

    "string-width": ["string-width@8.2.2", "", { "dependencies": { "get-east-asian-width": "^1.5.0", "strip-ansi": "^7.1.2" } }, "sha512-GaPUh5gfdrYzqeVNZvUfT23vYYxXzKYidUcnMtJg/3rxRV63EFZy3k6xfKlmfeJD0176lnUV/Usr3XcwSvFzpg=="],

    "strip-ansi": ["strip-ansi@7.2.0", "", { "dependencies": { "ansi-regex": "^6.2.2" } }, "sha512-yDPMNjp4WyfYBkHnjIRLfca1i6KMyGCtsVgoKe/z1+6vukgaENdgGBZt+ZmKPc4gavvEZ5OgHfHdrazhgNyG7w=="],

    "supports-preserve-symlinks-flag": ["supports-preserve-symlinks-flag@1.0.0", "", {}, "sha512-ot0WnXS9fgdkgIcePe6RHNk1WA8+muPa6cSjeR3V8K27q9BB1rTE3R1p7Hv0z1ZyAc8s6Vvv8DIyWf681MAt0w=="],

    "thenby": ["thenby@1.4.1", "", {}, "sha512-D5a/bO0KdalOE3q8MlrRmSxjbKZHT3MQmXkJP+r97Vw8MMwOZKOwUSEyTtK7eSMj2y0kyAjpYMRMZmmLw1FtNQ=="],

    "tinyglobby": ["tinyglobby@0.2.17", "", { "dependencies": { "fdir": "^6.5.0", "picomatch": "^4.0.4" } }, "sha512-wXR/dYpcqKmfWpEdZjiKJOwCNFndD0DMnrW/cYjVGttEkBfVgcLFHoNrlj47mjOVic9yyNu65alsgF4NQyTa2g=="],

    "tsx": ["tsx@4.23.13", "", { "dependencies": { "esbuild": "~0.28.0" }, "optionalDependencies": { "fsevents": "~2.3.3" }, "bin": { "tsx": "dist/cli.mjs" } }, "sha512-BL5MGkRln6aDYhb0xbQlEAGw743BaZYWdbWtdJOBriYJboKgUUYCadFp2/FpBBZquBC/ezNBn7wMMPx7FDZUDw=="],

    "typescript": ["typescript@7.0.2", "", { "optionalDependencies": { "@typescript/typescript-aix-ppc64": "7.0.2", "@typescript/typescript-darwin-arm64": "7.0.2", "@typescript/typescript-darwin-x64": "7.0.2", "@typescript/typescript-freebsd-arm64": "7.0.2", "@typescript/typescript-freebsd-x64": "7.0.2", "@typescript/typescript-linux-arm": "7.0.2", "@typescript/typescript-linux-arm64": "7.0.2", "@typescript/typescript-linux-loong64": "7.0.2", "@typescript/typescript-linux-mips64el": "7.0.2", "@typescript/typescript-linux-ppc64": "7.0.2", "@typescript/typescript-linux-riscv64": "7.0.2", "@typescript/typescript-linux-s390x": "7.0.2", "@typescript/typescript-linux-x64": "7.0.2", "@typescript/typescript-netbsd-arm64": "7.0.2", "@typescript/typescript-netbsd-x64": "7.0.2", "@typescript/typescript-openbsd-arm64": "7.0.2", "@typescript/typescript-openbsd-x64": "7.0.2", "@typescript/typescript-sunos-x64": "7.0.2", "@typescript/typescript-win32-arm64": "7.0.2", "@typescript/typescript-win32-x64": "7.0.2" }, "bin": { "tsc": "bin/tsc" } }, "sha512-8FYau96o3NKOhbjKi/qNvG/W5jhzxkbdm5sj9AbZ/5T5sWqn3hJgLfGx27sRKZWTvyzCP8dLRBTf5tBTSRVUNA=="],

    "undici-types": ["undici-types@8.9.0", "", {}, "sha512-KTDyRTYX8sWmKXAikPHHSyc63CRPETMctyjKFupcC6OBLXT3xsN0e9aF7m+mIXutFWpUXuedtowG7iLOzp0kQg=="],

    "wrap-ansi": ["wrap-ansi@9.0.2", "", { "dependencies": { "ansi-styles": "^6.2.1", "string-width": "^7.0.0", "strip-ansi": "^7.1.0" } }, "sha512-42AtmgqjV+X1VpdOfyTGOYRi0/zsoLqtXQckTmqTeybT+BDIbM/Guxo7x3pE2vtpr1ok6xRqM9OpBe+Jyoqyww=="],

    "y18n": ["y18n@5.0.8", "", {}, "sha512-0pfFzegeDWJHJIAmTLRP2DwHjdF5s7jo9tuztdQxAhINCdvS+3nGINqPd00AphqJR/0LhANUS6/+7SCb98YOfA=="],

    "yargs": ["yargs@18.1.0", "", { "dependencies": { "cliui": "^9.0.1", "escalade": "^3.1.1", "get-caller-file": "^2.0.5", "string-width": "^8.2.1", "y18n": "^5.0.5", "yargs-parser": "^22.0.0" } }, "sha512-2rAgRKu54VsHkqI0/tYkmluGXHD4KW7yZoycuqDQ15QOTnc2VVfy0nN/1eMhnQLO00A+dwtK20xuCnc1YGeUyg=="],

    "yargs-parser": ["yargs-parser@22.0.0", "", {}, "sha512-rwu/ClNdSMpkSrUb+d6BRsSkLUq1fmfsY6TOpYzTwvwkg1/NRG85KBy3kq++A8LKQwX6lsu+aWad+2khvuXrqw=="],

    "cliui/string-width": ["string-width@7.2.0", "", { "dependencies": { "emoji-regex": "^10.3.0", "get-east-asian-width": "^1.0.0", "strip-ansi": "^7.1.0" } }, "sha512-tsaTIkKW9b4N+AEj+SVA+WhJzV7/zMhcSu78mLKWSk7cXMOSHsBKFWUs0fWwq8QyK3MgJBQRX6Gbi4kYbdvGkQ=="],

    "wrap-ansi/string-width": ["string-width@7.2.0", "", { "dependencies": { "emoji-regex": "^10.3.0", "get-east-asian-width": "^1.0.0", "strip-ansi": "^7.1.0" } }, "sha512-tsaTIkKW9b4N+AEj+SVA+WhJzV7/zMhcSu78mLKWSk7cXMOSHsBKFWUs0fWwq8QyK3MgJBQRX6Gbi4kYbdvGkQ=="],
  }
}
